
Microsoft Visual Studio Solution File, Format Version 12.00
# Visual Studio Version 16
VisualStudioVersion = 16.0.31129.286
MinimumVisualStudioVersion = 10.0.40219.1
Project("{FAE04EC0-301F-11D3-BF4B-00C04F79EFBC}") = "CoderByte.UI.Test", "CoderByte.UI.Test.csproj", "{1FCAED73-6FB8-481C-ABBC-F5A4B224FE11}"
EndProject
Global
	GlobalSection(SolutionConfigurationPlatforms) = preSolution
		Debug|Any CPU = Debug|Any CPU
		Release|Any CPU = Release|Any CPU
	EndGlobalSection
	GlobalSection(ProjectConfigurationPlatforms) = postSolution
		{1FCAED73-6FB8-481C-ABBC-F5A4B224FE11}.Debug|Any CPU.ActiveCfg = Debug|Any CPU
		{1FCAED73-6FB8-481C-ABBC-F5A4B224FE11}.Debug|Any CPU.Build.0 = Debug|Any CPU
		{1FCAED73-6FB8-481C-ABBC-F5A4B224FE11}.Release|Any CPU.ActiveCfg = Release|Any CPU
		{1FCAED73-6FB8-481C-ABBC-F5A4B224FE11}.Release|Any CPU.Build.0 = Release|Any CPU
	EndGlobalSection
	GlobalSection(SolutionProperties) = preSolution
		HideSolutionNode = FALSE
	EndGlobalSection
	GlobalSection(ExtensibilityGlobals) = postSolution
		SolutionGuid = {02611419-3BBA-4212-B148-A4BCB332211B}
	EndGlobalSection
EndGlobal
